# This file is automatically @generated by Veryl.
# It is not intended for manual editing.
version = 1

[[projects]]
name = "veryl_csr"
dependencies = []

[projects.source]
uuid = "7296e841-90fa-5753-9752-b938ede022d7"
url = "https://github.com/onsdagens/veryl_csr.git"
path = ""
project = "veryl_csr"
version = "0.2.0"
revision = "a7b79d2f8be7ee05419422f5a5f9dd09d70e724c"
